
Microsoft Visual Studio Solution File, Format Version 12.00
# Visual Studio Version 17
VisualStudioVersion = 17.9.34728.123
MinimumVisualStudioVersion = 10.0.40219.1
Project("{FAE04EC0-301F-11D3-BF4B-00C04F79EFBC}") = "nn", "nn\nn.csproj", "{EE1F14EE-84DE-4A61-BBD6-0350E2AF4787}"
EndProject
Project("{2150E333-8FDC-42A3-9474-1A3956D46DE8}") = "examples", "examples", "{043BA01D-6191-4B0F-8AF3-22454479C2FD}"
EndProject
Project("{FAE04EC0-301F-11D3-BF4B-00C04F79EFBC}") = "regression", "examples\regression.csproj", "{1E66BC40-85D0-4CE4-A08D-3CB086A85242}"
EndProject
Project("{FAE04EC0-301F-11D3-BF4B-00C04F79EFBC}") = "perf", "examples\perf.csproj", "{706301E8-CED7-4A1C-98C8-4C483BD96D7D}"
EndProject
Project("{2150E333-8FDC-42A3-9474-1A3956D46DE8}") = "tools", "tools", "{E2433EB5-7AA2-484F-BCF5-E6184960D844}"
EndProject
Project("{FAE04EC0-301F-11D3-BF4B-00C04F79EFBC}") = "coff", "tools\coff\coff.csproj", "{2ACCB613-92BB-449B-A525-8C9ED8419F6E}"
EndProject
Project("{2150E333-8FDC-42A3-9474-1A3956D46DE8}") = "dev", "dev", "{3F99B5F3-15EE-4535-80D5-CAD669455D58}"
EndProject
Project("{FAE04EC0-301F-11D3-BF4B-00C04F79EFBC}") = "MatMul", "dev\MatMul.csproj", "{C0E96DCD-4D43-40A5-AF7B-37B3390AD781}"
EndProject
Global
	GlobalSection(SolutionConfigurationPlatforms) = preSolution
		Debug|x64 = Debug|x64
		Debug|x86 = Debug|x86
		Release|x64 = Release|x64
		Release|x86 = Release|x86
	EndGlobalSection
	GlobalSection(ProjectConfigurationPlatforms) = postSolution
		{EE1F14EE-84DE-4A61-BBD6-0350E2AF4787}.Debug|x64.ActiveCfg = Debug|x64
		{EE1F14EE-84DE-4A61-BBD6-0350E2AF4787}.Debug|x64.Build.0 = Debug|x64
		{EE1F14EE-84DE-4A61-BBD6-0350E2AF4787}.Debug|x86.ActiveCfg = Debug|x64
		{EE1F14EE-84DE-4A61-BBD6-0350E2AF4787}.Debug|x86.Build.0 = Debug|x64
		{EE1F14EE-84DE-4A61-BBD6-0350E2AF4787}.Release|x64.ActiveCfg = Release|x64
		{EE1F14EE-84DE-4A61-BBD6-0350E2AF4787}.Release|x64.Build.0 = Release|x64
		{EE1F14EE-84DE-4A61-BBD6-0350E2AF4787}.Release|x86.ActiveCfg = Release|x64
		{EE1F14EE-84DE-4A61-BBD6-0350E2AF4787}.Release|x86.Build.0 = Release|x64
		{1E66BC40-85D0-4CE4-A08D-3CB086A85242}.Debug|x64.ActiveCfg = Debug|x64
		{1E66BC40-85D0-4CE4-A08D-3CB086A85242}.Debug|x64.Build.0 = Debug|x64
		{1E66BC40-85D0-4CE4-A08D-3CB086A85242}.Debug|x86.ActiveCfg = Debug|x64
		{1E66BC40-85D0-4CE4-A08D-3CB086A85242}.Debug|x86.Build.0 = Debug|x64
		{1E66BC40-85D0-4CE4-A08D-3CB086A85242}.Release|x64.ActiveCfg = Release|x64
		{1E66BC40-85D0-4CE4-A08D-3CB086A85242}.Release|x64.Build.0 = Release|x64
		{1E66BC40-85D0-4CE4-A08D-3CB086A85242}.Release|x86.ActiveCfg = Release|x64
		{1E66BC40-85D0-4CE4-A08D-3CB086A85242}.Release|x86.Build.0 = Release|x64
		{706301E8-CED7-4A1C-98C8-4C483BD96D7D}.Debug|x64.ActiveCfg = Debug|x64
		{706301E8-CED7-4A1C-98C8-4C483BD96D7D}.Debug|x64.Build.0 = Debug|x64
		{706301E8-CED7-4A1C-98C8-4C483BD96D7D}.Debug|x86.ActiveCfg = Debug|x64
		{706301E8-CED7-4A1C-98C8-4C483BD96D7D}.Debug|x86.Build.0 = Debug|x64
		{706301E8-CED7-4A1C-98C8-4C483BD96D7D}.Release|x64.ActiveCfg = Release|x64
		{706301E8-CED7-4A1C-98C8-4C483BD96D7D}.Release|x64.Build.0 = Release|x64
		{706301E8-CED7-4A1C-98C8-4C483BD96D7D}.Release|x86.ActiveCfg = Release|x64
		{706301E8-CED7-4A1C-98C8-4C483BD96D7D}.Release|x86.Build.0 = Release|x64
		{2ACCB613-92BB-449B-A525-8C9ED8419F6E}.Debug|x64.ActiveCfg = Debug|x64
		{2ACCB613-92BB-449B-A525-8C9ED8419F6E}.Debug|x64.Build.0 = Debug|x64
		{2ACCB613-92BB-449B-A525-8C9ED8419F6E}.Debug|x86.ActiveCfg = Debug|x64
		{2ACCB613-92BB-449B-A525-8C9ED8419F6E}.Debug|x86.Build.0 = Debug|x64
		{2ACCB613-92BB-449B-A525-8C9ED8419F6E}.Release|x64.ActiveCfg = Release|x64
		{2ACCB613-92BB-449B-A525-8C9ED8419F6E}.Release|x64.Build.0 = Release|x64
		{2ACCB613-92BB-449B-A525-8C9ED8419F6E}.Release|x86.ActiveCfg = Release|x64
		{2ACCB613-92BB-449B-A525-8C9ED8419F6E}.Release|x86.Build.0 = Release|x64
		{C0E96DCD-4D43-40A5-AF7B-37B3390AD781}.Debug|x64.ActiveCfg = Debug|x64
		{C0E96DCD-4D43-40A5-AF7B-37B3390AD781}.Debug|x64.Build.0 = Debug|x64
		{C0E96DCD-4D43-40A5-AF7B-37B3390AD781}.Debug|x86.ActiveCfg = Debug|x64
		{C0E96DCD-4D43-40A5-AF7B-37B3390AD781}.Debug|x86.Build.0 = Debug|x64
		{C0E96DCD-4D43-40A5-AF7B-37B3390AD781}.Release|x64.ActiveCfg = Release|x64
		{C0E96DCD-4D43-40A5-AF7B-37B3390AD781}.Release|x64.Build.0 = Release|x64
		{C0E96DCD-4D43-40A5-AF7B-37B3390AD781}.Release|x86.ActiveCfg = Release|x64
		{C0E96DCD-4D43-40A5-AF7B-37B3390AD781}.Release|x86.Build.0 = Release|x64
	EndGlobalSection
	GlobalSection(SolutionProperties) = preSolution
		HideSolutionNode = FALSE
	EndGlobalSection
	GlobalSection(NestedProjects) = preSolution
		{1E66BC40-85D0-4CE4-A08D-3CB086A85242} = {043BA01D-6191-4B0F-8AF3-22454479C2FD}
		{706301E8-CED7-4A1C-98C8-4C483BD96D7D} = {043BA01D-6191-4B0F-8AF3-22454479C2FD}
		{2ACCB613-92BB-449B-A525-8C9ED8419F6E} = {E2433EB5-7AA2-484F-BCF5-E6184960D844}
		{C0E96DCD-4D43-40A5-AF7B-37B3390AD781} = {3F99B5F3-15EE-4535-80D5-CAD669455D58}
	EndGlobalSection
	GlobalSection(ExtensibilityGlobals) = postSolution
		SolutionGuid = {AFA16BCF-49EC-4271-AFF1-293DCDE44D36}
	EndGlobalSection
EndGlobal
