
Microsoft Visual Studio Solution File, Format Version 12.00
# Visual Studio Version 17
VisualStudioVersion = 17.9.34902.65
MinimumVisualStudioVersion = 10.0.40219.1
Project("{9A19103F-16F7-4668-BE54-9A1E7A4F7556}") = "nn", "nn\nn.csproj", "{297020FC-C69B-4555-96FB-301221BC77E2}"
EndProject
Project("{2150E333-8FDC-42A3-9474-1A3956D46DE8}") = "tests", "tests", "{8D1E28FC-4EB8-4FED-BA84-DD5A7146D6CC}"
EndProject
Project("{9A19103F-16F7-4668-BE54-9A1E7A4F7556}") = "iris", "tests\iris.csproj", "{416F4053-358D-4631-97DE-B1031B29947A}"
EndProject
Project("{9A19103F-16F7-4668-BE54-9A1E7A4F7556}") = "MatMul", "dev\MatMul.csproj", "{C0E96DCD-4D43-40A5-AF7B-37B3390AD781}"
EndProject
Project("{2150E333-8FDC-42A3-9474-1A3956D46DE8}") = "dev", "dev", "{CA854D0E-1709-4A63-BE04-77C7DAFEB9C6}"
EndProject
Project("{2150E333-8FDC-42A3-9474-1A3956D46DE8}") = "docs", "docs", "{C8A19C88-DC99-4F61-AC17-0AF5637F5B2B}"
	ProjectSection(SolutionItems) = preProject
		README.md = README.md
	EndProjectSection
EndProject
Global
	GlobalSection(SolutionConfigurationPlatforms) = preSolution
		Debug|x64 = Debug|x64
		Release|x64 = Release|x64
	EndGlobalSection
	GlobalSection(ProjectConfigurationPlatforms) = postSolution
		{297020FC-C69B-4555-96FB-301221BC77E2}.Debug|x64.ActiveCfg = Debug|Any CPU
		{297020FC-C69B-4555-96FB-301221BC77E2}.Debug|x64.Build.0 = Debug|Any CPU
		{297020FC-C69B-4555-96FB-301221BC77E2}.Release|x64.ActiveCfg = Release|Any CPU
		{297020FC-C69B-4555-96FB-301221BC77E2}.Release|x64.Build.0 = Release|Any CPU
		{416F4053-358D-4631-97DE-B1031B29947A}.Debug|x64.ActiveCfg = Debug|Any CPU
		{416F4053-358D-4631-97DE-B1031B29947A}.Debug|x64.Build.0 = Debug|Any CPU
		{416F4053-358D-4631-97DE-B1031B29947A}.Release|x64.ActiveCfg = Release|Any CPU
		{416F4053-358D-4631-97DE-B1031B29947A}.Release|x64.Build.0 = Release|Any CPU
		{C0E96DCD-4D43-40A5-AF7B-37B3390AD781}.Debug|x64.ActiveCfg = Debug|Any CPU
		{C0E96DCD-4D43-40A5-AF7B-37B3390AD781}.Debug|x64.Build.0 = Debug|Any CPU
		{C0E96DCD-4D43-40A5-AF7B-37B3390AD781}.Release|x64.ActiveCfg = Release|Any CPU
		{C0E96DCD-4D43-40A5-AF7B-37B3390AD781}.Release|x64.Build.0 = Release|Any CPU
	EndGlobalSection
	GlobalSection(SolutionProperties) = preSolution
		HideSolutionNode = FALSE
	EndGlobalSection
	GlobalSection(NestedProjects) = preSolution
		{416F4053-358D-4631-97DE-B1031B29947A} = {8D1E28FC-4EB8-4FED-BA84-DD5A7146D6CC}
		{C0E96DCD-4D43-40A5-AF7B-37B3390AD781} = {CA854D0E-1709-4A63-BE04-77C7DAFEB9C6}
	EndGlobalSection
	GlobalSection(ExtensibilityGlobals) = postSolution
		SolutionGuid = {D2D43329-5B8E-4C95-BE2A-9765990BC032}
	EndGlobalSection
EndGlobal
